
Microsoft Visual Studio Solution File, Format Version 12.00
# Visual Studio Version 17
VisualStudioVersion = 17.7.34221.43
MinimumVisualStudioVersion = 10.0.40219.1
Project("{9A19103F-16F7-4668-BE54-9A1E7A4F7556}") = "ShippingandHanding", "ShippingandHanding.csproj", "{154D191B-E109-4CC0-979D-33C8609C21ED}"
EndProject
Global
	GlobalSection(SolutionConfigurationPlatforms) = preSolution
		Debug|Any CPU = Debug|Any CPU
		Release|Any CPU = Release|Any CPU
	EndGlobalSection
	GlobalSection(ProjectConfigurationPlatforms) = postSolution
		{154D191B-E109-4CC0-979D-33C8609C21ED}.Debug|Any CPU.ActiveCfg = Debug|Any CPU
		{154D191B-E109-4CC0-979D-33C8609C21ED}.Debug|Any CPU.Build.0 = Debug|Any CPU
		{154D191B-E109-4CC0-979D-33C8609C21ED}.Release|Any CPU.ActiveCfg = Release|Any CPU
		{154D191B-E109-4CC0-979D-33C8609C21ED}.Release|Any CPU.Build.0 = Release|Any CPU
	EndGlobalSection
	GlobalSection(SolutionProperties) = preSolution
		HideSolutionNode = FALSE
	EndGlobalSection
	GlobalSection(ExtensibilityGlobals) = postSolution
		SolutionGuid = {953511B6-B74F-4763-AC92-63ABF757BF9E}
	EndGlobalSection
EndGlobal
