
Microsoft Visual Studio Solution File, Format Version 12.00
# Visual Studio Version 17
VisualStudioVersion = 17.8.34408.163
MinimumVisualStudioVersion = 10.0.40219.1
Project("{FAE04EC0-301F-11D3-BF4B-00C04F79EFBC}") = "Payment", "Payment.csproj", "{F1905EFE-C450-4922-95AC-1404890741BE}"
EndProject
Global
	GlobalSection(SolutionConfigurationPlatforms) = preSolution
		Debug|Any CPU = Debug|Any CPU
		Release|Any CPU = Release|Any CPU
	EndGlobalSection
	GlobalSection(ProjectConfigurationPlatforms) = postSolution
		{F1905EFE-C450-4922-95AC-1404890741BE}.Debug|Any CPU.ActiveCfg = Debug|Any CPU
		{F1905EFE-C450-4922-95AC-1404890741BE}.Debug|Any CPU.Build.0 = Debug|Any CPU
		{F1905EFE-C450-4922-95AC-1404890741BE}.Release|Any CPU.ActiveCfg = Release|Any CPU
		{F1905EFE-C450-4922-95AC-1404890741BE}.Release|Any CPU.Build.0 = Release|Any CPU
	EndGlobalSection
	GlobalSection(SolutionProperties) = preSolution
		HideSolutionNode = FALSE
	EndGlobalSection
	GlobalSection(ExtensibilityGlobals) = postSolution
		SolutionGuid = {37192538-D103-4FEC-804B-C302842F1953}
	EndGlobalSection
EndGlobal
