
Microsoft Visual Studio Solution File, Format Version 12.00
# Visual Studio Version 17
VisualStudioVersion = 17.8.34408.163
MinimumVisualStudioVersion = 10.0.40219.1
Project("{9A19103F-16F7-4668-BE54-9A1E7A4F7556}") = "SlippingandHanding", "SlippingandHanding.csproj", "{C0254FFC-B4FD-491B-9D59-A213E78DD6D9}"
EndProject
Global
	GlobalSection(SolutionConfigurationPlatforms) = preSolution
		Debug|Any CPU = Debug|Any CPU
		Release|Any CPU = Release|Any CPU
	EndGlobalSection
	GlobalSection(ProjectConfigurationPlatforms) = postSolution
		{C0254FFC-B4FD-491B-9D59-A213E78DD6D9}.Debug|Any CPU.ActiveCfg = Debug|Any CPU
		{C0254FFC-B4FD-491B-9D59-A213E78DD6D9}.Debug|Any CPU.Build.0 = Debug|Any CPU
		{C0254FFC-B4FD-491B-9D59-A213E78DD6D9}.Release|Any CPU.ActiveCfg = Release|Any CPU
		{C0254FFC-B4FD-491B-9D59-A213E78DD6D9}.Release|Any CPU.Build.0 = Release|Any CPU
	EndGlobalSection
	GlobalSection(SolutionProperties) = preSolution
		HideSolutionNode = FALSE
	EndGlobalSection
	GlobalSection(ExtensibilityGlobals) = postSolution
		SolutionGuid = {757D2F5D-64BC-4E74-8BCA-3A9583B4A437}
	EndGlobalSection
EndGlobal
