
Microsoft Visual Studio Solution File, Format Version 12.00
# Visual Studio Version 17
VisualStudioVersion = 17.7.34221.43
MinimumVisualStudioVersion = 10.0.40219.1
Project("{FAE04EC0-301F-11D3-BF4B-00C04F79EFBC}") = "CalculateLetterGrade", "CalculateLetterGrade.csproj", "{5DB5E913-D20B-4B0D-8004-BC9078345AE3}"
EndProject
Global
	GlobalSection(SolutionConfigurationPlatforms) = preSolution
		Debug|Any CPU = Debug|Any CPU
		Release|Any CPU = Release|Any CPU
	EndGlobalSection
	GlobalSection(ProjectConfigurationPlatforms) = postSolution
		{5DB5E913-D20B-4B0D-8004-BC9078345AE3}.Debug|Any CPU.ActiveCfg = Debug|Any CPU
		{5DB5E913-D20B-4B0D-8004-BC9078345AE3}.Debug|Any CPU.Build.0 = Debug|Any CPU
		{5DB5E913-D20B-4B0D-8004-BC9078345AE3}.Release|Any CPU.ActiveCfg = Release|Any CPU
		{5DB5E913-D20B-4B0D-8004-BC9078345AE3}.Release|Any CPU.Build.0 = Release|Any CPU
	EndGlobalSection
	GlobalSection(SolutionProperties) = preSolution
		HideSolutionNode = FALSE
	EndGlobalSection
	GlobalSection(ExtensibilityGlobals) = postSolution
		SolutionGuid = {2A8931F0-55CF-4DBD-8152-4BDE2A3AB3AE}
	EndGlobalSection
EndGlobal
